
Microsoft Visual Studio Solution File, Format Version 9.00
# Visual C++ Express 2005
Project("{8BC9CEB8-8B4A-11D0-8D11-00A0C91BC942}") = "ListBoxTest", "ListBoxTest\ListBoxTest.vcproj", "{4059EA99-FD32-49AE-8CAA-2DEDF6D97DE1}"
EndProject
Global
	GlobalSection(SolutionConfigurationPlatforms) = preSolution
		Debug|Win32 = Debug|Win32
		Release|Win32 = Release|Win32
	EndGlobalSection
	GlobalSection(ProjectConfigurationPlatforms) = postSolution
		{4059EA99-FD32-49AE-8CAA-2DEDF6D97DE1}.Debug|Win32.ActiveCfg = Debug|Win32
		{4059EA99-FD32-49AE-8CAA-2DEDF6D97DE1}.Debug|Win32.Build.0 = Debug|Win32
		{4059EA99-FD32-49AE-8CAA-2DEDF6D97DE1}.Release|Win32.ActiveCfg = Release|Win32
		{4059EA99-FD32-49AE-8CAA-2DEDF6D97DE1}.Release|Win32.Build.0 = Release|Win32
	EndGlobalSection
	GlobalSection(SolutionProperties) = preSolution
		HideSolutionNode = FALSE
	EndGlobalSection
EndGlobal
